<Solution>
  <Configurations>
    <Platform Name="Any CPU" />
    <Platform Name="x64" />
    <Platform Name="x86" />
  </Configurations>

  <Project Path="CiccioSoft.Sqlite.Native/CiccioSoft.Sqlite.Native.csproj" />
  <Project Path="CiccioSoft.Sqlite/CiccioSoft.Sqlite.csproj" />
  <Project Path="CiccioSoft.Data.Sqlite/CiccioSoft.Data.Sqlite.csproj" />

  <Folder Name="/Benchmark/">
    <Project Path="Benchmark/CiccioSoft.Sqlite.Native.Benchmark/CiccioSoft.Sqlite.Native.Benchmark.csproj" />
  </Folder>

  <Folder Name="/Example/">
    <Project Path="Example/CiccioSoft.Sqlite.Native.Example/CiccioSoft.Sqlite.Native.Example.csproj" />
    <Project Path="Example/CiccioSoft.Sqlite.Native.WpfExample/CiccioSoft.Sqlite.Native.WpfExample.csproj" />
  </Folder>

  <Folder Name="/Tests/">
    <Project Path="Tests/CiccioSoft.Sqlite.Native.Tests/CiccioSoft.Sqlite.Native.Tests.csproj" />
    <Project Path="Tests/CiccioSoft.Sqlite.Tests/CiccioSoft.Sqlite.Tests.csproj" />
    <Project Path="Tests/CiccioSoft.Data.Sqlite.Tests/CiccioSoft.Data.Sqlite.Tests.csproj" />
    <Project Path="Tests/CiccioSoft.Data.Sqlite.Tests.Extra/CiccioSoft.Data.Sqlite.Tests.Extra.csproj" />
  </Folder>

</Solution>
